
Microsoft Visual Studio Solution File, Format Version 12.00
# Visual Studio 2013
VisualStudioVersion = 12.0.21005.1
MinimumVisualStudioVersion = 10.0.40219.1
Project("{FAE04EC0-301F-11D3-BF4B-00C04F79EFBC}") = "MPIMatrixMultiplication", "MPIMatrixMultiplication\MPIMatrixMultiplication.csproj", "{2DCE0A9D-7F66-4C6B-A332-A6FD61D788F8}"
EndProject
Project("{FAE04EC0-301F-11D3-BF4B-00C04F79EFBC}") = "FileToConsole", "FileToConsole\FileToConsole.csproj", "{31C9B770-DC5E-47B4-8E7D-525941257980}"
EndProject
Global
	GlobalSection(SolutionConfigurationPlatforms) = preSolution
		Debug|Any CPU = Debug|Any CPU
		Release|Any CPU = Release|Any CPU
	EndGlobalSection
	GlobalSection(ProjectConfigurationPlatforms) = postSolution
		{2DCE0A9D-7F66-4C6B-A332-A6FD61D788F8}.Debug|Any CPU.ActiveCfg = Debug|Any CPU
		{2DCE0A9D-7F66-4C6B-A332-A6FD61D788F8}.Debug|Any CPU.Build.0 = Debug|Any CPU
		{2DCE0A9D-7F66-4C6B-A332-A6FD61D788F8}.Release|Any CPU.ActiveCfg = Release|Any CPU
		{2DCE0A9D-7F66-4C6B-A332-A6FD61D788F8}.Release|Any CPU.Build.0 = Release|Any CPU
		{31C9B770-DC5E-47B4-8E7D-525941257980}.Debug|Any CPU.ActiveCfg = Debug|Any CPU
		{31C9B770-DC5E-47B4-8E7D-525941257980}.Debug|Any CPU.Build.0 = Debug|Any CPU
		{31C9B770-DC5E-47B4-8E7D-525941257980}.Release|Any CPU.ActiveCfg = Release|Any CPU
		{31C9B770-DC5E-47B4-8E7D-525941257980}.Release|Any CPU.Build.0 = Release|Any CPU
	EndGlobalSection
	GlobalSection(SolutionProperties) = preSolution
		HideSolutionNode = FALSE
	EndGlobalSection
EndGlobal
